
Microsoft Visual Studio Solution File, Format Version 12.00
# Visual Studio Version 16
VisualStudioVersion = 16.0.33423.256
MinimumVisualStudioVersion = 10.0.40219.1
Project("{FAE04EC0-301F-11D3-BF4B-00C04F79EFBC}") = "business", "business\business.csproj", "{66B45EAE-6CE9-4F24-B36D-320AA248BDB6}"
EndProject
Global
	GlobalSection(SolutionConfigurationPlatforms) = preSolution
		Debug|Any CPU = Debug|Any CPU
		Release|Any CPU = Release|Any CPU
	EndGlobalSection
	GlobalSection(ProjectConfigurationPlatforms) = postSolution
		{66B45EAE-6CE9-4F24-B36D-320AA248BDB6}.Debug|Any CPU.ActiveCfg = Debug|Any CPU
		{66B45EAE-6CE9-4F24-B36D-320AA248BDB6}.Debug|Any CPU.Build.0 = Debug|Any CPU
		{66B45EAE-6CE9-4F24-B36D-320AA248BDB6}.Release|Any CPU.ActiveCfg = Release|Any CPU
		{66B45EAE-6CE9-4F24-B36D-320AA248BDB6}.Release|Any CPU.Build.0 = Release|Any CPU
	EndGlobalSection
	GlobalSection(SolutionProperties) = preSolution
		HideSolutionNode = FALSE
	EndGlobalSection
	GlobalSection(ExtensibilityGlobals) = postSolution
		SolutionGuid = {3517101E-832F-4687-AD55-3781764C61BC}
	EndGlobalSection
EndGlobal
